
Microsoft Visual Studio Solution File, Format Version 12.00
# Visual Studio Version 16
VisualStudioVersion = 16.0.30114.105
MinimumVisualStudioVersion = 10.0.40219.1
Project("{FAE04EC0-301F-11D3-BF4B-00C04F79EFBC}") = "Searcher", "Searcher\Searcher.csproj", "{74AA2A31-5DCB-4B1A-9601-505C550F597B}"
EndProject
Project("{FAE04EC0-301F-11D3-BF4B-00C04F79EFBC}") = "SearcherTests", "SearcherTests\SearcherTests.csproj", "{B1225CD6-8A73-429D-9438-FD4C814C8A34}"
EndProject
Global
	GlobalSection(SolutionConfigurationPlatforms) = preSolution
		Debug|Any CPU = Debug|Any CPU
		Release|Any CPU = Release|Any CPU
	EndGlobalSection
	GlobalSection(SolutionProperties) = preSolution
		HideSolutionNode = FALSE
	EndGlobalSection
	GlobalSection(ProjectConfigurationPlatforms) = postSolution
		{74AA2A31-5DCB-4B1A-9601-505C550F597B}.Debug|Any CPU.ActiveCfg = Debug|Any CPU
		{74AA2A31-5DCB-4B1A-9601-505C550F597B}.Debug|Any CPU.Build.0 = Debug|Any CPU
		{74AA2A31-5DCB-4B1A-9601-505C550F597B}.Release|Any CPU.ActiveCfg = Release|Any CPU
		{74AA2A31-5DCB-4B1A-9601-505C550F597B}.Release|Any CPU.Build.0 = Release|Any CPU
		{B1225CD6-8A73-429D-9438-FD4C814C8A34}.Debug|Any CPU.ActiveCfg = Debug|Any CPU
		{B1225CD6-8A73-429D-9438-FD4C814C8A34}.Debug|Any CPU.Build.0 = Debug|Any CPU
		{B1225CD6-8A73-429D-9438-FD4C814C8A34}.Release|Any CPU.ActiveCfg = Release|Any CPU
		{B1225CD6-8A73-429D-9438-FD4C814C8A34}.Release|Any CPU.Build.0 = Release|Any CPU
	EndGlobalSection
EndGlobal
